
Microsoft Visual Studio Solution File, Format Version 12.00
# Visual Studio Version 17
VisualStudioVersion = 17.2.32526.322
MinimumVisualStudioVersion = 10.0.40219.1
Project("{9A19103F-16F7-4668-BE54-9A1E7A4F7556}") = "FluentReflection.Core", "FluentReflection.Core\FluentReflection.Core.csproj", "{95B61921-6400-45CE-9B90-AC3E395F1D85}"
EndProject
Project("{9A19103F-16F7-4668-BE54-9A1E7A4F7556}") = "FluentReflection.Abstraction", "FluentReflection.Abstraction\FluentReflection.Abstraction.csproj", "{4D1D6B40-BB4C-4414-B9A5-8583984A047B}"
EndProject
Project("{9A19103F-16F7-4668-BE54-9A1E7A4F7556}") = "FluentReflection.CoreTests", "..\test\FluentReflection.CoreTests\FluentReflection.CoreTests.csproj", "{FC9EC26A-FB06-42B0-ABB6-72529CA9753C}"
EndProject
Global
	GlobalSection(SolutionConfigurationPlatforms) = preSolution
		Debug|Any CPU = Debug|Any CPU
		Release|Any CPU = Release|Any CPU
	EndGlobalSection
	GlobalSection(ProjectConfigurationPlatforms) = postSolution
		{95B61921-6400-45CE-9B90-AC3E395F1D85}.Debug|Any CPU.ActiveCfg = Debug|Any CPU
		{95B61921-6400-45CE-9B90-AC3E395F1D85}.Debug|Any CPU.Build.0 = Debug|Any CPU
		{95B61921-6400-45CE-9B90-AC3E395F1D85}.Release|Any CPU.ActiveCfg = Release|Any CPU
		{95B61921-6400-45CE-9B90-AC3E395F1D85}.Release|Any CPU.Build.0 = Release|Any CPU
		{4D1D6B40-BB4C-4414-B9A5-8583984A047B}.Debug|Any CPU.ActiveCfg = Debug|Any CPU
		{4D1D6B40-BB4C-4414-B9A5-8583984A047B}.Debug|Any CPU.Build.0 = Debug|Any CPU
		{4D1D6B40-BB4C-4414-B9A5-8583984A047B}.Release|Any CPU.ActiveCfg = Release|Any CPU
		{4D1D6B40-BB4C-4414-B9A5-8583984A047B}.Release|Any CPU.Build.0 = Release|Any CPU
		{FC9EC26A-FB06-42B0-ABB6-72529CA9753C}.Debug|Any CPU.ActiveCfg = Debug|Any CPU
		{FC9EC26A-FB06-42B0-ABB6-72529CA9753C}.Debug|Any CPU.Build.0 = Debug|Any CPU
		{FC9EC26A-FB06-42B0-ABB6-72529CA9753C}.Release|Any CPU.ActiveCfg = Release|Any CPU
		{FC9EC26A-FB06-42B0-ABB6-72529CA9753C}.Release|Any CPU.Build.0 = Release|Any CPU
	EndGlobalSection
	GlobalSection(SolutionProperties) = preSolution
		HideSolutionNode = FALSE
	EndGlobalSection
	GlobalSection(ExtensibilityGlobals) = postSolution
		SolutionGuid = {660A2C82-3D0F-41AB-8FEE-BF405790383A}
	EndGlobalSection
EndGlobal
